
Microsoft Visual Studio Solution File, Format Version 12.00
# Visual Studio Version 17
VisualStudioVersion = 17.3.32819.101
MinimumVisualStudioVersion = 10.0.40219.1
Project("{FAE04EC0-301F-11D3-BF4B-00C04F79EFBC}") = "TabControls", "TabControls\TabControls.csproj", "{CA9302E4-FDB0-409D-A904-BFF4435BC4F7}"
EndProject
Global
	GlobalSection(SolutionConfigurationPlatforms) = preSolution
		Debug|Any CPU = Debug|Any CPU
		Release|Any CPU = Release|Any CPU
	EndGlobalSection
	GlobalSection(ProjectConfigurationPlatforms) = postSolution
		{CA9302E4-FDB0-409D-A904-BFF4435BC4F7}.Debug|Any CPU.ActiveCfg = Debug|Any CPU
		{CA9302E4-FDB0-409D-A904-BFF4435BC4F7}.Debug|Any CPU.Build.0 = Debug|Any CPU
		{CA9302E4-FDB0-409D-A904-BFF4435BC4F7}.Release|Any CPU.ActiveCfg = Release|Any CPU
		{CA9302E4-FDB0-409D-A904-BFF4435BC4F7}.Release|Any CPU.Build.0 = Release|Any CPU
	EndGlobalSection
	GlobalSection(SolutionProperties) = preSolution
		HideSolutionNode = FALSE
	EndGlobalSection
	GlobalSection(ExtensibilityGlobals) = postSolution
		SolutionGuid = {66ADF6B4-ED83-4335-A8A6-3FCAB1652C13}
	EndGlobalSection
EndGlobal
